
Microsoft Visual Studio Solution File, Format Version 10.00
# Visual Studio 2008
Project("{FAE04EC0-301F-11D3-BF4B-00C04F79EFBC}") = "SP_Gen", "SP_Gen.csproj", "{AD26D5A4-0611-4C6C-8491-2336C50325EB}"
EndProject
Global
	GlobalSection(SolutionConfigurationPlatforms) = preSolution
		Debug|Any CPU = Debug|Any CPU
		Release|Any CPU = Release|Any CPU
	EndGlobalSection
	GlobalSection(ProjectConfigurationPlatforms) = postSolution
		{AD26D5A4-0611-4C6C-8491-2336C50325EB}.Debug|Any CPU.ActiveCfg = Debug|Any CPU
		{AD26D5A4-0611-4C6C-8491-2336C50325EB}.Debug|Any CPU.Build.0 = Debug|Any CPU
		{AD26D5A4-0611-4C6C-8491-2336C50325EB}.Release|Any CPU.ActiveCfg = Release|Any CPU
		{AD26D5A4-0611-4C6C-8491-2336C50325EB}.Release|Any CPU.Build.0 = Release|Any CPU
	EndGlobalSection
	GlobalSection(SolutionProperties) = preSolution
		HideSolutionNode = FALSE
	EndGlobalSection
EndGlobal
